
Microsoft Visual Studio Solution File, Format Version 12.00
# Visual Studio Version 16
VisualStudioVersion = 16.0.30717.126
MinimumVisualStudioVersion = 10.0.40219.1
Project("{FAE04EC0-301F-11D3-BF4B-00C04F79EFBC}") = "JQueryDataTabaMVC", "JQueryDataTabaMVC\JQueryDataTabaMVC.csproj", "{4F086603-E82F-468E-AE2A-01CE64DA9BE6}"
EndProject
Global
	GlobalSection(SolutionConfigurationPlatforms) = preSolution
		Debug|Any CPU = Debug|Any CPU
		Release|Any CPU = Release|Any CPU
	EndGlobalSection
	GlobalSection(ProjectConfigurationPlatforms) = postSolution
		{4F086603-E82F-468E-AE2A-01CE64DA9BE6}.Debug|Any CPU.ActiveCfg = Debug|Any CPU
		{4F086603-E82F-468E-AE2A-01CE64DA9BE6}.Debug|Any CPU.Build.0 = Debug|Any CPU
		{4F086603-E82F-468E-AE2A-01CE64DA9BE6}.Release|Any CPU.ActiveCfg = Release|Any CPU
		{4F086603-E82F-468E-AE2A-01CE64DA9BE6}.Release|Any CPU.Build.0 = Release|Any CPU
	EndGlobalSection
	GlobalSection(SolutionProperties) = preSolution
		HideSolutionNode = FALSE
	EndGlobalSection
	GlobalSection(ExtensibilityGlobals) = postSolution
		SolutionGuid = {2222EB65-7FDE-43D4-B64E-67DAAE87C2FA}
	EndGlobalSection
EndGlobal
